
Microsoft Visual Studio Solution File, Format Version 12.00
# Visual Studio Version 17
VisualStudioVersion = 17.5.002.0
MinimumVisualStudioVersion = 10.0.40219.1
Project("{9A19103F-16F7-4668-BE54-9A1E7A4F7556}") = "MyWebApp", "MyWebApp\MyWebApp.csproj", "{3A284C7F-E5F8-4603-9978-5DA0176C403D}"
EndProject
Global
	GlobalSection(SolutionConfigurationPlatforms) = preSolution
		Debug|Any CPU = Debug|Any CPU
		Release|Any CPU = Release|Any CPU
	EndGlobalSection
	GlobalSection(ProjectConfigurationPlatforms) = postSolution
		{3A284C7F-E5F8-4603-9978-5DA0176C403D}.Debug|Any CPU.ActiveCfg = Debug|Any CPU
		{3A284C7F-E5F8-4603-9978-5DA0176C403D}.Debug|Any CPU.Build.0 = Debug|Any CPU
		{3A284C7F-E5F8-4603-9978-5DA0176C403D}.Release|Any CPU.ActiveCfg = Release|Any CPU
		{3A284C7F-E5F8-4603-9978-5DA0176C403D}.Release|Any CPU.Build.0 = Release|Any CPU
	EndGlobalSection
	GlobalSection(SolutionProperties) = preSolution
		HideSolutionNode = FALSE
	EndGlobalSection
	GlobalSection(ExtensibilityGlobals) = postSolution
		SolutionGuid = {2FE63F1B-2C30-477D-A807-9545BC2310DE}
	EndGlobalSection
EndGlobal
